
Microsoft Visual Studio Solution File, Format Version 12.00
# Visual Studio 15
VisualStudioVersion = 15.0.28010.2003
MinimumVisualStudioVersion = 10.0.40219.1
Project("{FAE04EC0-301F-11D3-BF4B-00C04F79EFBC}") = "RaportowanieSprzedazy", "RaportowanieSprzedazy\RaportowanieSprzedazy.csproj", "{DF95E434-0D79-41DE-A3CD-F228E16D8FCE}"
EndProject
Global
	GlobalSection(SolutionConfigurationPlatforms) = preSolution
		Debug|Any CPU = Debug|Any CPU
		Release|Any CPU = Release|Any CPU
	EndGlobalSection
	GlobalSection(ProjectConfigurationPlatforms) = postSolution
		{DF95E434-0D79-41DE-A3CD-F228E16D8FCE}.Debug|Any CPU.ActiveCfg = Debug|Any CPU
		{DF95E434-0D79-41DE-A3CD-F228E16D8FCE}.Debug|Any CPU.Build.0 = Debug|Any CPU
		{DF95E434-0D79-41DE-A3CD-F228E16D8FCE}.Release|Any CPU.ActiveCfg = Release|Any CPU
		{DF95E434-0D79-41DE-A3CD-F228E16D8FCE}.Release|Any CPU.Build.0 = Release|Any CPU
	EndGlobalSection
	GlobalSection(SolutionProperties) = preSolution
		HideSolutionNode = FALSE
	EndGlobalSection
	GlobalSection(ExtensibilityGlobals) = postSolution
		SolutionGuid = {CD140D10-6640-4447-A13E-909704B02A3F}
	EndGlobalSection
EndGlobal
